
Microsoft Visual Studio Solution File, Format Version 12.00
# Visual Studio Version 17
VisualStudioVersion = 17.10.35013.160
MinimumVisualStudioVersion = 10.0.40219.1
Project("{9A19103F-16F7-4668-BE54-9A1E7A4F7556}") = "Api", "Api.csproj", "{0AD5EB55-6D64-43FE-B26B-CF6A86BC49AA}"
EndProject
Global
	GlobalSection(SolutionConfigurationPlatforms) = preSolution
		Debug|Any CPU = Debug|Any CPU
		Release|Any CPU = Release|Any CPU
	EndGlobalSection
	GlobalSection(ProjectConfigurationPlatforms) = postSolution
		{0AD5EB55-6D64-43FE-B26B-CF6A86BC49AA}.Debug|Any CPU.ActiveCfg = Debug|Any CPU
		{0AD5EB55-6D64-43FE-B26B-CF6A86BC49AA}.Debug|Any CPU.Build.0 = Debug|Any CPU
		{0AD5EB55-6D64-43FE-B26B-CF6A86BC49AA}.Release|Any CPU.ActiveCfg = Release|Any CPU
		{0AD5EB55-6D64-43FE-B26B-CF6A86BC49AA}.Release|Any CPU.Build.0 = Release|Any CPU
	EndGlobalSection
	GlobalSection(SolutionProperties) = preSolution
		HideSolutionNode = FALSE
	EndGlobalSection
	GlobalSection(ExtensibilityGlobals) = postSolution
		SolutionGuid = {A1D16124-DB76-4E85-ABAB-ECBD3EFC3BCD}
	EndGlobalSection
EndGlobal
