
Microsoft Visual Studio Solution File, Format Version 12.00
# Visual Studio Version 17
VisualStudioVersion = 17.10.35201.131
MinimumVisualStudioVersion = 10.0.40219.1
Project("{9A19103F-16F7-4668-BE54-9A1E7A4F7556}") = "Api", "Api\Api.csproj", "{56FF1BB5-88B9-441C-B9DD-6016DC811E49}"
EndProject
Project("{9A19103F-16F7-4668-BE54-9A1E7A4F7556}") = "Gestor.Domain", "Gestor.Domain\Gestor.Domain.csproj", "{F4C51732-FD1B-48BA-AE20-235A5DA49664}"
EndProject
Project("{9A19103F-16F7-4668-BE54-9A1E7A4F7556}") = "Gestor.Helpers", "Gestor.Helpers\Gestor.Helpers.csproj", "{77BD9B6E-67E2-4702-8FCD-A15371BCD1B0}"
EndProject
Project("{9A19103F-16F7-4668-BE54-9A1E7A4F7556}") = "Gestor.Repository", "Gestor.Repository\Gestor.Repository.csproj", "{B0740C14-7A02-40D7-9803-E9B949FA2534}"
EndProject
Project("{9A19103F-16F7-4668-BE54-9A1E7A4F7556}") = "Gestor.Utils", "GestorUtils\Gestor.Utils.csproj", "{80D30091-4802-4554-AD36-27F0F676F601}"
EndProject
Global
	GlobalSection(SolutionConfigurationPlatforms) = preSolution
		Debug|Any CPU = Debug|Any CPU
		Release|Any CPU = Release|Any CPU
	EndGlobalSection
	GlobalSection(ProjectConfigurationPlatforms) = postSolution
		{56FF1BB5-88B9-441C-B9DD-6016DC811E49}.Debug|Any CPU.ActiveCfg = Debug|Any CPU
		{56FF1BB5-88B9-441C-B9DD-6016DC811E49}.Debug|Any CPU.Build.0 = Debug|Any CPU
		{56FF1BB5-88B9-441C-B9DD-6016DC811E49}.Release|Any CPU.ActiveCfg = Release|Any CPU
		{56FF1BB5-88B9-441C-B9DD-6016DC811E49}.Release|Any CPU.Build.0 = Release|Any CPU
		{F4C51732-FD1B-48BA-AE20-235A5DA49664}.Debug|Any CPU.ActiveCfg = Debug|Any CPU
		{F4C51732-FD1B-48BA-AE20-235A5DA49664}.Debug|Any CPU.Build.0 = Debug|Any CPU
		{F4C51732-FD1B-48BA-AE20-235A5DA49664}.Release|Any CPU.ActiveCfg = Release|Any CPU
		{F4C51732-FD1B-48BA-AE20-235A5DA49664}.Release|Any CPU.Build.0 = Release|Any CPU
		{77BD9B6E-67E2-4702-8FCD-A15371BCD1B0}.Debug|Any CPU.ActiveCfg = Debug|Any CPU
		{77BD9B6E-67E2-4702-8FCD-A15371BCD1B0}.Debug|Any CPU.Build.0 = Debug|Any CPU
		{77BD9B6E-67E2-4702-8FCD-A15371BCD1B0}.Release|Any CPU.ActiveCfg = Release|Any CPU
		{77BD9B6E-67E2-4702-8FCD-A15371BCD1B0}.Release|Any CPU.Build.0 = Release|Any CPU
		{B0740C14-7A02-40D7-9803-E9B949FA2534}.Debug|Any CPU.ActiveCfg = Debug|Any CPU
		{B0740C14-7A02-40D7-9803-E9B949FA2534}.Debug|Any CPU.Build.0 = Debug|Any CPU
		{B0740C14-7A02-40D7-9803-E9B949FA2534}.Release|Any CPU.ActiveCfg = Release|Any CPU
		{B0740C14-7A02-40D7-9803-E9B949FA2534}.Release|Any CPU.Build.0 = Release|Any CPU
		{80D30091-4802-4554-AD36-27F0F676F601}.Debug|Any CPU.ActiveCfg = Debug|Any CPU
		{80D30091-4802-4554-AD36-27F0F676F601}.Debug|Any CPU.Build.0 = Debug|Any CPU
		{80D30091-4802-4554-AD36-27F0F676F601}.Release|Any CPU.ActiveCfg = Release|Any CPU
		{80D30091-4802-4554-AD36-27F0F676F601}.Release|Any CPU.Build.0 = Release|Any CPU
	EndGlobalSection
	GlobalSection(SolutionProperties) = preSolution
		HideSolutionNode = FALSE
	EndGlobalSection
	GlobalSection(ExtensibilityGlobals) = postSolution
		SolutionGuid = {18F92026-43A0-49AF-A202-3B4FAB988743}
	EndGlobalSection
EndGlobal
